{
    "version": 3,
    "terraform_version": "0.11.2",
    "serial": 6,
    "lineage": "f7ba5dc0-6a5e-4ddc-830f-d9f5462b63ca",
    "modules": [
        {
            "path": [
                "root"
            ],
            "outputs": {},
            "resources": {
                "aws_db_instance.default": {
                    "type": "aws_db_instance",
                    "depends_on": [],
                    "primary": {
                        "id": "terraform-20180125112618099100000001",
                        "attributes": {
                            "address": "terraform-20180125112618099100000001.cz9tv4hdxksm.us-east-1.rds.amazonaws.com",
                            "allocated_storage": "20",
                            "arn": "arn:aws:rds:us-east-1:364201873587:db:terraform-20180125112618099100000001",
                            "auto_minor_version_upgrade": "true",
                            "availability_zone": "us-east-1f",
                            "backup_retention_period": "0",
                            "backup_window": "03:15-03:45",
                            "ca_cert_identifier": "rds-ca-2015",
                            "copy_tags_to_snapshot": "false",
                            "db_subnet_group_name": "default",
                            "endpoint": "terraform-20180125112618099100000001.cz9tv4hdxksm.us-east-1.rds.amazonaws.com:3306",
                            "engine": "mysql",
                            "engine_version": "5.6.37",
                            "hosted_zone_id": "Z2R2ITUGPM61AM",
                            "iam_database_authentication_enabled": "false",
                            "id": "terraform-20180125112618099100000001",
                            "identifier": "terraform-20180125112618099100000001",
                            "instance_class": "db.t2.micro",
                            "iops": "0",
                            "kms_key_id": "",
                            "license_model": "general-public-license",
                            "maintenance_window": "thu:05:00-thu:05:30",
                            "monitoring_interval": "0",
                            "multi_az": "false",
                            "name": "wpdb",
                            "option_group_name": "default:mysql-5-6",
                            "parameter_group_name": "default.mysql5.6",
                            "password": "password",
                            "port": "3306",
                            "publicly_accessible": "false",
                            "replicas.#": "0",
                            "replicate_source_db": "",
                            "resource_id": "db-PNOLAI3YHIT4CLJ34PCGHWBMD4",
                            "security_group_names.#": "0",
                            "skip_final_snapshot": "false",
                            "status": "available",
                            "storage_encrypted": "false",
                            "storage_type": "gp2",
                            "tags.%": "0",
                            "timezone": "",
                            "username": "wpdb",
                            "vpc_security_group_ids.#": "1",
                            "vpc_security_group_ids.3078468089": "sg-2abda05e"
                        },
                        "meta": {
                            "e2bfb730-ecaa-11e6-8f88-34363bc7c4c0": {
                                "create": 2400000000000,
                                "delete": 2400000000000,
                                "update": 4800000000000
                            }
                        },
                        "tainted": false
                    },
                    "deposed": [],
                    "provider": "provider.aws"
                },
                "aws_instance.WordPress5": {
                    "type": "aws_instance",
                    "depends_on": [],
                    "primary": {
                        "id": "i-054c8a83119e186c8",
                        "attributes": {
                            "ami": "ami-6196a51b",
                            "associate_public_ip_address": "true",
                            "availability_zone": "us-east-1c",
                            "disable_api_termination": "false",
                            "ebs_block_device.#": "0",
                            "ebs_optimized": "false",
                            "ephemeral_block_device.#": "0",
                            "iam_instance_profile": "",
                            "id": "i-054c8a83119e186c8",
                            "instance_state": "running",
                            "instance_type": "t2.micro",
                            "ipv6_addresses.#": "0",
                            "key_name": "KeyINSTA",
                            "monitoring": "false",
                            "network_interface.#": "0",
                            "network_interface_id": "eni-5484ad9e",
                            "placement_group": "",
                            "primary_network_interface_id": "eni-5484ad9e",
                            "private_dns": "ip-172-31-81-127.ec2.internal",
                            "private_ip": "172.31.81.127",
                            "public_dns": "ec2-54-161-216-177.compute-1.amazonaws.com",
                            "public_ip": "54.161.216.177",
                            "root_block_device.#": "1",
                            "root_block_device.0.delete_on_termination": "true",
                            "root_block_device.0.iops": "100",
                            "root_block_device.0.volume_id": "vol-0acdeb6b470940b2e",
                            "root_block_device.0.volume_size": "8",
                            "root_block_device.0.volume_type": "gp2",
                            "security_groups.#": "1",
                            "security_groups.3381405773": "MyDMZ",
                            "source_dest_check": "true",
                            "subnet_id": "subnet-e20f66cd",
                            "tags.%": "1",
                            "tags.Name": "WP5",
                            "tenancy": "default",
                            "volume_tags.%": "0",
                            "vpc_security_group_ids.#": "0"
                        },
                        "meta": {
                            "e2bfb730-ecaa-11e6-8f88-34363bc7c4c0": {
                                "create": 600000000000,
                                "delete": 600000000000,
                                "update": 600000000000
                            },
                            "schema_version": "1"
                        },
                        "tainted": false
                    },
                    "deposed": [],
                    "provider": "provider.aws"
                },
                "aws_instance.WordPress6": {
                    "type": "aws_instance",
                    "depends_on": [],
                    "primary": {
                        "id": "i-0c3c40eb8eab97baa",
                        "attributes": {
                            "ami": "ami-6196a51b",
                            "associate_public_ip_address": "true",
                            "availability_zone": "us-east-1c",
                            "disable_api_termination": "false",
                            "ebs_block_device.#": "0",
                            "ebs_optimized": "false",
                            "ephemeral_block_device.#": "0",
                            "iam_instance_profile": "",
                            "id": "i-0c3c40eb8eab97baa",
                            "instance_state": "running",
                            "instance_type": "t2.micro",
                            "ipv6_addresses.#": "0",
                            "key_name": "KeyINSTA",
                            "monitoring": "false",
                            "network_interface.#": "0",
                            "network_interface_id": "eni-9d4a6257",
                            "placement_group": "",
                            "primary_network_interface_id": "eni-9d4a6257",
                            "private_dns": "ip-172-31-81-112.ec2.internal",
                            "private_ip": "172.31.81.112",
                            "public_dns": "ec2-54-210-231-204.compute-1.amazonaws.com",
                            "public_ip": "54.210.231.204",
                            "root_block_device.#": "1",
                            "root_block_device.0.delete_on_termination": "true",
                            "root_block_device.0.iops": "100",
                            "root_block_device.0.volume_id": "vol-08872a83d3419318e",
                            "root_block_device.0.volume_size": "8",
                            "root_block_device.0.volume_type": "gp2",
                            "security_groups.#": "1",
                            "security_groups.3381405773": "MyDMZ",
                            "source_dest_check": "true",
                            "subnet_id": "subnet-e20f66cd",
                            "tags.%": "1",
                            "tags.Name": "WP6",
                            "tenancy": "default",
                            "volume_tags.%": "0",
                            "vpc_security_group_ids.#": "0"
                        },
                        "meta": {
                            "e2bfb730-ecaa-11e6-8f88-34363bc7c4c0": {
                                "create": 600000000000,
                                "delete": 600000000000,
                                "update": 600000000000
                            },
                            "schema_version": "1"
                        },
                        "tainted": false
                    },
                    "deposed": [],
                    "provider": "provider.aws"
                }
            },
            "depends_on": []
        }
    ]
}
