{
    "version": 3,
    "terraform_version": "0.11.2",
    "serial": 2,
    "lineage": "f7ba5dc0-6a5e-4ddc-830f-d9f5462b63ca",
    "modules": [
        {
            "path": [
                "root"
            ],
            "outputs": {},
            "resources": {
                "aws_instance.WordPress2": {
                    "type": "aws_instance",
                    "depends_on": [],
                    "primary": {
                        "id": "i-0cebe2e31256f8e6c",
                        "attributes": {
                            "ami": "ami-b9b784c3",
                            "associate_public_ip_address": "true",
                            "availability_zone": "us-east-1c",
                            "disable_api_termination": "false",
                            "ebs_block_device.#": "0",
                            "ebs_optimized": "false",
                            "ephemeral_block_device.#": "0",
                            "iam_instance_profile": "",
                            "id": "i-0cebe2e31256f8e6c",
                            "instance_state": "running",
                            "instance_type": "t2.micro",
                            "ipv6_addresses.#": "0",
                            "key_name": "KeyINSTA",
                            "monitoring": "false",
                            "network_interface.#": "0",
                            "network_interface_id": "eni-93be9059",
                            "placement_group": "",
                            "primary_network_interface_id": "eni-93be9059",
                            "private_dns": "ip-172-31-84-176.ec2.internal",
                            "private_ip": "172.31.84.176",
                            "public_dns": "ec2-54-196-175-124.compute-1.amazonaws.com",
                            "public_ip": "54.196.175.124",
                            "root_block_device.#": "1",
                            "root_block_device.0.delete_on_termination": "true",
                            "root_block_device.0.iops": "100",
                            "root_block_device.0.volume_id": "vol-0abe74ee43341a47d",
                            "root_block_device.0.volume_size": "8",
                            "root_block_device.0.volume_type": "gp2",
                            "security_groups.#": "1",
                            "security_groups.3381405773": "MyDMZ",
                            "source_dest_check": "true",
                            "subnet_id": "subnet-e20f66cd",
                            "tags.%": "0",
                            "tenancy": "default",
                            "volume_tags.%": "0",
                            "vpc_security_group_ids.#": "0"
                        },
                        "meta": {
                            "e2bfb730-ecaa-11e6-8f88-34363bc7c4c0": {
                                "create": 600000000000,
                                "delete": 600000000000,
                                "update": 600000000000
                            },
                            "schema_version": "1"
                        },
                        "tainted": false
                    },
                    "deposed": [],
                    "provider": "provider.aws"
                }
            },
            "depends_on": []
        }
    ]
}
